
Microsoft Visual Studio Solution File, Format Version 12.00
# Visual Studio Version 17
VisualStudioVersion = 17.12.35521.163
MinimumVisualStudioVersion = 10.0.40219.1
Project("{FAE04EC0-301F-11D3-BF4B-00C04F79EFBC}") = "CurrencyApp", "CurrencyApp\CurrencyApp.csproj", "{2223E9B7-AB8C-4332-8F5A-DBA151011A02}"
EndProject
Project("{FAE04EC0-301F-11D3-BF4B-00C04F79EFBC}") = "CurrencyApp.Domain", "CurrencyApp.Domain\CurrencyApp.Domain.csproj", "{5E3C5CFA-B1AF-4217-9031-CCDD111DA448}"
EndProject
Project("{FAE04EC0-301F-11D3-BF4B-00C04F79EFBC}") = "CurrencyApp.Infrastructure", "CurrencyApp.Infastructure\CurrencyApp.Infrastructure.csproj", "{74D92FF3-40E6-4F81-A78F-89E90E6FBCA2}"
EndProject
Project("{FAE04EC0-301F-11D3-BF4B-00C04F79EFBC}") = "CurrencyApp.Application", "CurrencyApp.Application\CurrencyApp.Application.csproj", "{25537289-6A93-4E52-94E4-C1CCB9155C7F}"
EndProject
Project("{FAE04EC0-301F-11D3-BF4B-00C04F79EFBC}") = "CurrencyApp.Infrastructure.EF", "CurrencyApp.Infrastructure.EF\CurrencyApp.Infrastructure.EF.csproj", "{042C3D19-93A4-4EED-964D-57CEC2376D79}"
EndProject
Global
	GlobalSection(SolutionConfigurationPlatforms) = preSolution
		Debug|Any CPU = Debug|Any CPU
		Release|Any CPU = Release|Any CPU
	EndGlobalSection
	GlobalSection(ProjectConfigurationPlatforms) = postSolution
		{2223E9B7-AB8C-4332-8F5A-DBA151011A02}.Debug|Any CPU.ActiveCfg = Debug|Any CPU
		{2223E9B7-AB8C-4332-8F5A-DBA151011A02}.Debug|Any CPU.Build.0 = Debug|Any CPU
		{2223E9B7-AB8C-4332-8F5A-DBA151011A02}.Release|Any CPU.ActiveCfg = Release|Any CPU
		{2223E9B7-AB8C-4332-8F5A-DBA151011A02}.Release|Any CPU.Build.0 = Release|Any CPU
		{5E3C5CFA-B1AF-4217-9031-CCDD111DA448}.Debug|Any CPU.ActiveCfg = Debug|Any CPU
		{5E3C5CFA-B1AF-4217-9031-CCDD111DA448}.Debug|Any CPU.Build.0 = Debug|Any CPU
		{5E3C5CFA-B1AF-4217-9031-CCDD111DA448}.Release|Any CPU.ActiveCfg = Release|Any CPU
		{5E3C5CFA-B1AF-4217-9031-CCDD111DA448}.Release|Any CPU.Build.0 = Release|Any CPU
		{74D92FF3-40E6-4F81-A78F-89E90E6FBCA2}.Debug|Any CPU.ActiveCfg = Debug|Any CPU
		{74D92FF3-40E6-4F81-A78F-89E90E6FBCA2}.Debug|Any CPU.Build.0 = Debug|Any CPU
		{74D92FF3-40E6-4F81-A78F-89E90E6FBCA2}.Release|Any CPU.ActiveCfg = Release|Any CPU
		{74D92FF3-40E6-4F81-A78F-89E90E6FBCA2}.Release|Any CPU.Build.0 = Release|Any CPU
		{25537289-6A93-4E52-94E4-C1CCB9155C7F}.Debug|Any CPU.ActiveCfg = Debug|Any CPU
		{25537289-6A93-4E52-94E4-C1CCB9155C7F}.Debug|Any CPU.Build.0 = Debug|Any CPU
		{25537289-6A93-4E52-94E4-C1CCB9155C7F}.Release|Any CPU.ActiveCfg = Release|Any CPU
		{25537289-6A93-4E52-94E4-C1CCB9155C7F}.Release|Any CPU.Build.0 = Release|Any CPU
		{042C3D19-93A4-4EED-964D-57CEC2376D79}.Debug|Any CPU.ActiveCfg = Debug|Any CPU
		{042C3D19-93A4-4EED-964D-57CEC2376D79}.Debug|Any CPU.Build.0 = Debug|Any CPU
		{042C3D19-93A4-4EED-964D-57CEC2376D79}.Release|Any CPU.ActiveCfg = Release|Any CPU
		{042C3D19-93A4-4EED-964D-57CEC2376D79}.Release|Any CPU.Build.0 = Release|Any CPU
	EndGlobalSection
	GlobalSection(SolutionProperties) = preSolution
		HideSolutionNode = FALSE
	EndGlobalSection
EndGlobal
